
Microsoft Visual Studio Solution File, Format Version 12.00
# Visual Studio Version 17
VisualStudioVersion = 17.10.35122.118
MinimumVisualStudioVersion = 10.0.40219.1
Project("{9A19103F-16F7-4668-BE54-9A1E7A4F7556}") = "SwagSharp.Domain", "SwagSharp.Domain\SwagSharp.Domain.csproj", "{FAD6290A-1E74-495C-846E-8B4FDC464019}"
EndProject
Project("{9A19103F-16F7-4668-BE54-9A1E7A4F7556}") = "SwagSharp.Application", "SwagSharp.Application\SwagSharp.Application.csproj", "{91673BAB-2281-49E0-A9D1-9ED2982554A2}"
EndProject
Project("{9A19103F-16F7-4668-BE54-9A1E7A4F7556}") = "SwagSharp.Api", "SwagSharp.Api\SwagSharp.Api.csproj", "{1A979D1F-99DE-4697-860A-AF79B6707DD1}"
EndProject
Global
	GlobalSection(SolutionConfigurationPlatforms) = preSolution
		Debug|Any CPU = Debug|Any CPU
		Release|Any CPU = Release|Any CPU
	EndGlobalSection
	GlobalSection(ProjectConfigurationPlatforms) = postSolution
		{FAD6290A-1E74-495C-846E-8B4FDC464019}.Debug|Any CPU.ActiveCfg = Debug|Any CPU
		{FAD6290A-1E74-495C-846E-8B4FDC464019}.Debug|Any CPU.Build.0 = Debug|Any CPU
		{FAD6290A-1E74-495C-846E-8B4FDC464019}.Release|Any CPU.ActiveCfg = Release|Any CPU
		{FAD6290A-1E74-495C-846E-8B4FDC464019}.Release|Any CPU.Build.0 = Release|Any CPU
		{91673BAB-2281-49E0-A9D1-9ED2982554A2}.Debug|Any CPU.ActiveCfg = Debug|Any CPU
		{91673BAB-2281-49E0-A9D1-9ED2982554A2}.Debug|Any CPU.Build.0 = Debug|Any CPU
		{91673BAB-2281-49E0-A9D1-9ED2982554A2}.Release|Any CPU.ActiveCfg = Release|Any CPU
		{91673BAB-2281-49E0-A9D1-9ED2982554A2}.Release|Any CPU.Build.0 = Release|Any CPU
		{1A979D1F-99DE-4697-860A-AF79B6707DD1}.Debug|Any CPU.ActiveCfg = Debug|Any CPU
		{1A979D1F-99DE-4697-860A-AF79B6707DD1}.Debug|Any CPU.Build.0 = Debug|Any CPU
		{1A979D1F-99DE-4697-860A-AF79B6707DD1}.Release|Any CPU.ActiveCfg = Release|Any CPU
		{1A979D1F-99DE-4697-860A-AF79B6707DD1}.Release|Any CPU.Build.0 = Release|Any CPU
	EndGlobalSection
	GlobalSection(SolutionProperties) = preSolution
		HideSolutionNode = FALSE
	EndGlobalSection
	GlobalSection(ExtensibilityGlobals) = postSolution
		SolutionGuid = {95DC5CAE-9477-4676-BEA8-09F579C3B812}
	EndGlobalSection
EndGlobal
